
Microsoft Visual Studio Solution File, Format Version 12.00
# Visual Studio Version 16
VisualStudioVersion = 16.0.30907.101
MinimumVisualStudioVersion = 10.0.40219.1
Project("{FAE04EC0-301F-11D3-BF4B-00C04F79EFBC}") = "NewtonFractal.Android", "NewtonFractal\NewtonFractal.Android\NewtonFractal.Android.csproj", "{B825A5F0-49C5-4094-A556-FF30F8936CBE}"
EndProject
Project("{FAE04EC0-301F-11D3-BF4B-00C04F79EFBC}") = "NewtonFractal.iOS", "NewtonFractal\NewtonFractal.iOS\NewtonFractal.iOS.csproj", "{70D9E996-08C1-4744-AF80-3EEAA053D8CC}"
EndProject
Project("{FAE04EC0-301F-11D3-BF4B-00C04F79EFBC}") = "NewtonFractal", "NewtonFractal\NewtonFractal\NewtonFractal.csproj", "{7E9D1234-55E0-4440-B6E9-5F9819441A81}"
EndProject
Global
	GlobalSection(SolutionConfigurationPlatforms) = preSolution
		Debug|Any CPU = Debug|Any CPU
		Debug|iPhone = Debug|iPhone
		Debug|iPhoneSimulator = Debug|iPhoneSimulator
		Release|Any CPU = Release|Any CPU
		Release|iPhone = Release|iPhone
		Release|iPhoneSimulator = Release|iPhoneSimulator
	EndGlobalSection
	GlobalSection(ProjectConfigurationPlatforms) = postSolution
		{B825A5F0-49C5-4094-A556-FF30F8936CBE}.Debug|Any CPU.ActiveCfg = Debug|Any CPU
		{B825A5F0-49C5-4094-A556-FF30F8936CBE}.Debug|Any CPU.Build.0 = Debug|Any CPU
		{B825A5F0-49C5-4094-A556-FF30F8936CBE}.Debug|Any CPU.Deploy.0 = Debug|Any CPU
		{B825A5F0-49C5-4094-A556-FF30F8936CBE}.Debug|iPhone.ActiveCfg = Debug|Any CPU
		{B825A5F0-49C5-4094-A556-FF30F8936CBE}.Debug|iPhone.Build.0 = Debug|Any CPU
		{B825A5F0-49C5-4094-A556-FF30F8936CBE}.Debug|iPhone.Deploy.0 = Debug|Any CPU
		{B825A5F0-49C5-4094-A556-FF30F8936CBE}.Debug|iPhoneSimulator.ActiveCfg = Debug|Any CPU
		{B825A5F0-49C5-4094-A556-FF30F8936CBE}.Debug|iPhoneSimulator.Build.0 = Debug|Any CPU
		{B825A5F0-49C5-4094-A556-FF30F8936CBE}.Debug|iPhoneSimulator.Deploy.0 = Debug|Any CPU
		{B825A5F0-49C5-4094-A556-FF30F8936CBE}.Release|Any CPU.ActiveCfg = Release|Any CPU
		{B825A5F0-49C5-4094-A556-FF30F8936CBE}.Release|Any CPU.Build.0 = Release|Any CPU
		{B825A5F0-49C5-4094-A556-FF30F8936CBE}.Release|Any CPU.Deploy.0 = Release|Any CPU
		{B825A5F0-49C5-4094-A556-FF30F8936CBE}.Release|iPhone.ActiveCfg = Release|Any CPU
		{B825A5F0-49C5-4094-A556-FF30F8936CBE}.Release|iPhone.Build.0 = Release|Any CPU
		{B825A5F0-49C5-4094-A556-FF30F8936CBE}.Release|iPhone.Deploy.0 = Release|Any CPU
		{B825A5F0-49C5-4094-A556-FF30F8936CBE}.Release|iPhoneSimulator.ActiveCfg = Release|Any CPU
		{B825A5F0-49C5-4094-A556-FF30F8936CBE}.Release|iPhoneSimulator.Build.0 = Release|Any CPU
		{B825A5F0-49C5-4094-A556-FF30F8936CBE}.Release|iPhoneSimulator.Deploy.0 = Release|Any CPU
		{70D9E996-08C1-4744-AF80-3EEAA053D8CC}.Debug|Any CPU.ActiveCfg = Debug|iPhone
		{70D9E996-08C1-4744-AF80-3EEAA053D8CC}.Debug|Any CPU.Build.0 = Debug|iPhone
		{70D9E996-08C1-4744-AF80-3EEAA053D8CC}.Debug|Any CPU.Deploy.0 = Debug|iPhone
		{70D9E996-08C1-4744-AF80-3EEAA053D8CC}.Debug|iPhone.ActiveCfg = Debug|iPhone
		{70D9E996-08C1-4744-AF80-3EEAA053D8CC}.Debug|iPhone.Build.0 = Debug|iPhone
		{70D9E996-08C1-4744-AF80-3EEAA053D8CC}.Debug|iPhone.Deploy.0 = Debug|iPhone
		{70D9E996-08C1-4744-AF80-3EEAA053D8CC}.Debug|iPhoneSimulator.ActiveCfg = Debug|iPhoneSimulator
		{70D9E996-08C1-4744-AF80-3EEAA053D8CC}.Debug|iPhoneSimulator.Build.0 = Debug|iPhoneSimulator
		{70D9E996-08C1-4744-AF80-3EEAA053D8CC}.Debug|iPhoneSimulator.Deploy.0 = Debug|iPhoneSimulator
		{70D9E996-08C1-4744-AF80-3EEAA053D8CC}.Release|Any CPU.ActiveCfg = Release|iPhoneSimulator
		{70D9E996-08C1-4744-AF80-3EEAA053D8CC}.Release|Any CPU.Build.0 = Release|iPhoneSimulator
		{70D9E996-08C1-4744-AF80-3EEAA053D8CC}.Release|Any CPU.Deploy.0 = Release|iPhoneSimulator
		{70D9E996-08C1-4744-AF80-3EEAA053D8CC}.Release|iPhone.ActiveCfg = Release|iPhone
		{70D9E996-08C1-4744-AF80-3EEAA053D8CC}.Release|iPhone.Build.0 = Release|iPhone
		{70D9E996-08C1-4744-AF80-3EEAA053D8CC}.Release|iPhone.Deploy.0 = Release|iPhone
		{70D9E996-08C1-4744-AF80-3EEAA053D8CC}.Release|iPhoneSimulator.ActiveCfg = Release|iPhoneSimulator
		{70D9E996-08C1-4744-AF80-3EEAA053D8CC}.Release|iPhoneSimulator.Build.0 = Release|iPhoneSimulator
		{70D9E996-08C1-4744-AF80-3EEAA053D8CC}.Release|iPhoneSimulator.Deploy.0 = Release|iPhoneSimulator
		{7E9D1234-55E0-4440-B6E9-5F9819441A81}.Debug|Any CPU.ActiveCfg = Debug|Any CPU
		{7E9D1234-55E0-4440-B6E9-5F9819441A81}.Debug|Any CPU.Build.0 = Debug|Any CPU
		{7E9D1234-55E0-4440-B6E9-5F9819441A81}.Debug|Any CPU.Deploy.0 = Debug|Any CPU
		{7E9D1234-55E0-4440-B6E9-5F9819441A81}.Debug|iPhone.ActiveCfg = Debug|Any CPU
		{7E9D1234-55E0-4440-B6E9-5F9819441A81}.Debug|iPhone.Build.0 = Debug|Any CPU
		{7E9D1234-55E0-4440-B6E9-5F9819441A81}.Debug|iPhone.Deploy.0 = Debug|Any CPU
		{7E9D1234-55E0-4440-B6E9-5F9819441A81}.Debug|iPhoneSimulator.ActiveCfg = Debug|Any CPU
		{7E9D1234-55E0-4440-B6E9-5F9819441A81}.Debug|iPhoneSimulator.Build.0 = Debug|Any CPU
		{7E9D1234-55E0-4440-B6E9-5F9819441A81}.Debug|iPhoneSimulator.Deploy.0 = Debug|Any CPU
		{7E9D1234-55E0-4440-B6E9-5F9819441A81}.Release|Any CPU.ActiveCfg = Release|Any CPU
		{7E9D1234-55E0-4440-B6E9-5F9819441A81}.Release|Any CPU.Build.0 = Release|Any CPU
		{7E9D1234-55E0-4440-B6E9-5F9819441A81}.Release|Any CPU.Deploy.0 = Release|Any CPU
		{7E9D1234-55E0-4440-B6E9-5F9819441A81}.Release|iPhone.ActiveCfg = Release|Any CPU
		{7E9D1234-55E0-4440-B6E9-5F9819441A81}.Release|iPhone.Build.0 = Release|Any CPU
		{7E9D1234-55E0-4440-B6E9-5F9819441A81}.Release|iPhone.Deploy.0 = Release|Any CPU
		{7E9D1234-55E0-4440-B6E9-5F9819441A81}.Release|iPhoneSimulator.ActiveCfg = Release|Any CPU
		{7E9D1234-55E0-4440-B6E9-5F9819441A81}.Release|iPhoneSimulator.Build.0 = Release|Any CPU
		{7E9D1234-55E0-4440-B6E9-5F9819441A81}.Release|iPhoneSimulator.Deploy.0 = Release|Any CPU
	EndGlobalSection
	GlobalSection(SolutionProperties) = preSolution
		HideSolutionNode = FALSE
	EndGlobalSection
	GlobalSection(ExtensibilityGlobals) = postSolution
		SolutionGuid = {CFF1B5F2-65B8-4FA9-AB7E-AF763DC0E60B}
	EndGlobalSection
EndGlobal
